
Microsoft Visual Studio Solution File, Format Version 11.00
# Visual Studio 2010
Project("{FAE04EC0-301F-11D3-BF4B-00C04F79EFBC}") = "LiskovCheck", "LiskovChecker\LiskovCheck.csproj", "{479B5920-6EB5-4B0F-AF8D-D4C02B81F876}"
	ProjectSection(ProjectDependencies) = postProject
		{5F00D09B-9A4C-4313-8774-0248BA097500} = {5F00D09B-9A4C-4313-8774-0248BA097500}
	EndProjectSection
EndProject
Project("{FAE04EC0-301F-11D3-BF4B-00C04F79EFBC}") = "Zoo", "Zoo\Zoo.csproj", "{5F00D09B-9A4C-4313-8774-0248BA097500}"
EndProject
Global
	GlobalSection(SolutionConfigurationPlatforms) = preSolution
		Debug|Any CPU = Debug|Any CPU
		Debug|Mixed Platforms = Debug|Mixed Platforms
		Debug|x86 = Debug|x86
		Release|Any CPU = Release|Any CPU
		Release|Mixed Platforms = Release|Mixed Platforms
		Release|x86 = Release|x86
	EndGlobalSection
	GlobalSection(ProjectConfigurationPlatforms) = postSolution
		{479B5920-6EB5-4B0F-AF8D-D4C02B81F876}.Debug|Any CPU.ActiveCfg = Debug|x86
		{479B5920-6EB5-4B0F-AF8D-D4C02B81F876}.Debug|Mixed Platforms.ActiveCfg = Debug|x86
		{479B5920-6EB5-4B0F-AF8D-D4C02B81F876}.Debug|Mixed Platforms.Build.0 = Debug|x86
		{479B5920-6EB5-4B0F-AF8D-D4C02B81F876}.Debug|x86.ActiveCfg = Debug|x86
		{479B5920-6EB5-4B0F-AF8D-D4C02B81F876}.Debug|x86.Build.0 = Debug|x86
		{479B5920-6EB5-4B0F-AF8D-D4C02B81F876}.Release|Any CPU.ActiveCfg = Release|x86
		{479B5920-6EB5-4B0F-AF8D-D4C02B81F876}.Release|Mixed Platforms.ActiveCfg = Release|x86
		{479B5920-6EB5-4B0F-AF8D-D4C02B81F876}.Release|Mixed Platforms.Build.0 = Release|x86
		{479B5920-6EB5-4B0F-AF8D-D4C02B81F876}.Release|x86.ActiveCfg = Release|x86
		{479B5920-6EB5-4B0F-AF8D-D4C02B81F876}.Release|x86.Build.0 = Release|x86
		{5F00D09B-9A4C-4313-8774-0248BA097500}.Debug|Any CPU.ActiveCfg = Debug|Any CPU
		{5F00D09B-9A4C-4313-8774-0248BA097500}.Debug|Any CPU.Build.0 = Debug|Any CPU
		{5F00D09B-9A4C-4313-8774-0248BA097500}.Debug|Mixed Platforms.ActiveCfg = Debug|Any CPU
		{5F00D09B-9A4C-4313-8774-0248BA097500}.Debug|Mixed Platforms.Build.0 = Debug|Any CPU
		{5F00D09B-9A4C-4313-8774-0248BA097500}.Debug|x86.ActiveCfg = Debug|Any CPU
		{5F00D09B-9A4C-4313-8774-0248BA097500}.Release|Any CPU.ActiveCfg = Release|Any CPU
		{5F00D09B-9A4C-4313-8774-0248BA097500}.Release|Any CPU.Build.0 = Release|Any CPU
		{5F00D09B-9A4C-4313-8774-0248BA097500}.Release|Mixed Platforms.ActiveCfg = Release|Any CPU
		{5F00D09B-9A4C-4313-8774-0248BA097500}.Release|Mixed Platforms.Build.0 = Release|Any CPU
		{5F00D09B-9A4C-4313-8774-0248BA097500}.Release|x86.ActiveCfg = Release|Any CPU
	EndGlobalSection
	GlobalSection(SolutionProperties) = preSolution
		HideSolutionNode = FALSE
	EndGlobalSection
EndGlobal
